// !$*UTF8*$!
{
	archiveVersion = 1;
	classes = {
	};
	objectVersion = 46;
	objects = {

/* Begin PBXBuildFile section */
		3B9236491A67FAFA00347D9C /* main.m in Sources */ = {isa = PBXBuildFile; fileRef = 3B9236481A67FAFA00347D9C /* main.m */; };
		3B92364C1A67FAFA00347D9C /* AppDelegate.m in Sources */ = {isa = PBXBuildFile; fileRef = 3B92364B1A67FAFA00347D9C /* AppDelegate.m */; };
		3B92364F1A67FAFA00347D9C /* ViewController.m in Sources */ = {isa = PBXBuildFile; fileRef = 3B92364E1A67FAFA00347D9C /* ViewController.m */; };
		3B9236521A67FAFA00347D9C /* Main.storyboard in Resources */ = {isa = PBXBuildFile; fileRef = 3B9236501A67FAFA00347D9C /* Main.storyboard */; };
		3B9236541A67FAFA00347D9C /* Images.xcassets in Resources */ = {isa = PBXBuildFile; fileRef = 3B9236531A67FAFA00347D9C /* Images.xcassets */; };
		3B9236571A67FAFA00347D9C /* LaunchScreen.xib in Resources */ = {isa = PBXBuildFile; fileRef = 3B9236551A67FAFA00347D9C /* LaunchScreen.xib */; };
		3B9236631A67FAFA00347D9C /* jobSearchTests.m in Sources */ = {isa = PBXBuildFile; fileRef = 3B9236621A67FAFA00347D9C /* jobSearchTests.m */; };
/* End PBXBuildFile section */

/* Begin PBXContainerItemProxy section */
		3B92365D1A67FAFA00347D9C /* PBXContainerItemProxy */ = {
			isa = PBXContainerItemProxy;
			containerPortal = 3B92363B1A67FAFA00347D9C /* Project object */;
			proxyType = 1;
			remoteGlobalIDString = 3B9236421A67FAFA00347D9C;
			remoteInfo = jobSearch;
		};
/* End PBXContainerItemProxy section */

/* Begin PBXFileReference section */
		3B9236431A67FAFA00347D9C /* jobSearch.app */ = {isa = PBXFileReference; explicitFileType = wrapper.application; includeInIndex = 0; path = jobSearch.app; sourceTree = BUILT_PRODUCTS_DIR; };
		3B9236471A67FAFA00347D9C /* Info.plist */ = {isa = PBXFileReference; lastKnownFileType = text.plist.xml; path = Info.plist; sourceTree = "<group>"; };
		3B9236481A67FAFA00347D9C /* main.m */ = {isa = PBXFileReference; lastKnownFileType = sourcecode.c.objc; path = main.m; sourceTree = "<group>"; };
		3B92364A1A67FAFA00347D9C /* AppDelegate.h */ = {isa = PBXFileReference; lastKnownFileType = sourcecode.c.h; path = AppDelegate.h; sourceTree = "<group>"; };
		3B92364B1A67FAFA00347D9C /* AppDelegate.m */ = {isa = PBXFileReference; lastKnownFileType = sourcecode.c.objc; path = AppDelegate.m; sourceTree = "<group>"; };
		3B92364D1A67FAFA00347D9C /* ViewController.h */ = {isa = PBXFileReference; lastKnownFileType = sourcecode.c.h; path = ViewController.h; sourceTree = "<group>"; };
		3B92364E1A67FAFA00347D9C /* ViewController.m */ = {isa = PBXFileReference; lastKnownFileType = sourcecode.c.objc; path = ViewController.m; sourceTree = "<group>"; };
		3B9236511A67FAFA00347D9C /* Base */ = {isa = PBXFileReference; lastKnownFileType = file.storyboard; name = Base; path = Base.lproj/Main.storyboard; sourceTree = "<group>"; };
		3B9236531A67FAFA00347D9C /* Images.xcassets */ = {isa = PBXFileReference; lastKnownFileType = folder.assetcatalog; path = Images.xcassets; sourceTree = "<group>"; };
		3B9236561A67FAFA00347D9C /* Base */ = {isa = PBXFileReference; lastKnownFileType = file.xib; name = Base; path = Base.lproj/LaunchScreen.xib; sourceTree = "<group>"; };
		3B92365C1A67FAFA00347D9C /* jobSearchTests.xctest */ = {isa = PBXFileReference; explicitFileType = wrapper.cfbundle; includeInIndex = 0; path = jobSearchTests.xctest; sourceTree = BUILT_PRODUCTS_DIR; };
		3B9236611A67FAFA00347D9C /* Info.plist */ = {isa = PBXFileReference; lastKnownFileType = text.plist.xml; path = Info.plist; sourceTree = "<group>"; };
		3B9236621A67FAFA00347D9C /* jobSearchTests.m */ = {isa = PBXFileReference; lastKnownFileType = sourcecode.c.objc; path = jobSearchTests.m; sourceTree = "<group>"; };
/* End PBXFileReference section */

/* Begin PBXFrameworksBuildPhase section */
		3B9236401A67FAFA00347D9C /* Frameworks */ = {
			isa = PBXFrameworksBuildPhase;
			buildActionMask = 2147483647;
			files = (
			);
			runOnlyForDeploymentPostprocessing = 0;
		};
		3B9236591A67FAFA00347D9C /* Frameworks */ = {
			isa = PBXFrameworksBuildPhase;
			buildActionMask = 2147483647;
			files = (
			);
			runOnlyForDeploymentPostprocessing = 0;
		};
/* End PBXFrameworksBuildPhase section */

/* Begin PBXGroup section */
		3B92363A1A67FAFA00347D9C = {
			isa = PBXGroup;
			children = (
				3B9236451A67FAFA00347D9C /* jobSearch */,
				3B92365F1A67FAFA00347D9C /* jobSearchTests */,
				3B9236441A67FAFA00347D9C /* Products */,
			);
			sourceTree = "<group>";
		};
		3B9236441A67FAFA00347D9C /* Products */ = {
			isa = PBXGroup;
			children = (
				3B9236431A67FAFA00347D9C /* jobSearch.app */,
				3B92365C1A67FAFA00347D9C /* jobSearchTests.xctest */,
			);
			name = Products;
			sourceTree = "<group>";
		};
		3B9236451A67FAFA00347D9C /* jobSearch */ = {
			isa = PBXGroup;
			children = (
				3B92364A1A67FAFA00347D9C /* AppDelegate.h */,
				3B92364B1A67FAFA00347D9C /* AppDelegate.m */,
				3B92364D1A67FAFA00347D9C /* ViewController.h */,
				3B92364E1A67FAFA00347D9C /* ViewController.m */,
				3B9236501A67FAFA00347D9C /* Main.storyboard */,
				3B9236531A67FAFA00347D9C /* Images.xcassets */,
				3B9236551A67FAFA00347D9C /* LaunchScreen.xib */,
				3B9236461A67FAFA00347D9C /* Supporting Files */,
			);
			path = jobSearch;
			sourceTree = "<group>";
		};
		3B9236461A67FAFA00347D9C /* Supporting Files */ = {
			isa = PBXGroup;
			children = (
				3B9236471A67FAFA00347D9C /* Info.plist */,
				3B9236481A67FAFA00347D9C /* main.m */,
			);
			name = "Supporting Files";
			sourceTree = "<group>";
		};
		3B92365F1A67FAFA00347D9C /* jobSearchTests */ = {
			isa = PBXGroup;
			children = (
				3B9236621A67FAFA00347D9C /* jobSearchTests.m */,
				3B9236601A67FAFA00347D9C /* Supporting Files */,
			);
			path = jobSearchTests;
			sourceTree = "<group>";
		};
		3B9236601A67FAFA00347D9C /* Supporting Files */ = {
			isa = PBXGroup;
			children = (
				3B9236611A67FAFA00347D9C /* Info.plist */,
			);
			name = "Supporting Files";
			sourceTree = "<group>";
		};
/* End PBXGroup section */

/* Begin PBXNativeTarget section */
		3B9236421A67FAFA00347D9C /* jobSearch */ = {
			isa = PBXNativeTarget;
			buildConfigurationList = 3B9236661A67FAFA00347D9C /* Build configuration list for PBXNativeTarget "jobSearch" */;
			buildPhases = (
				3B92363F1A67FAFA00347D9C /* Sources */,
				3B9236401A67FAFA00347D9C /* Frameworks */,
				3B9236411A67FAFA00347D9C /* Resources */,
			);
			buildRules = (
			);
			dependencies = (
			);
			name = jobSearch;
			productName = jobSearch;
			productReference = 3B9236431A67FAFA00347D9C /* jobSearch.app */;
			productType = "com.apple.product-type.application";
		};
		3B92365B1A67FAFA00347D9C /* jobSearchTests */ = {
			isa = PBXNativeTarget;
			buildConfigurationList = 3B9236691A67FAFA00347D9C /* Build configuration list for PBXNativeTarget "jobSearchTests" */;
			buildPhases = (
				3B9236581A67FAFA00347D9C /* Sources */,
				3B9236591A67FAFA00347D9C /* Frameworks */,
				3B92365A1A67FAFA00347D9C /* Resources */,
			);
			buildRules = (
			);
			dependencies = (
				3B92365E1A67FAFA00347D9C /* PBXTargetDependency */,
			);
			name = jobSearchTests;
			productName = jobSearchTests;
			productReference = 3B92365C1A67FAFA00347D9C /* jobSearchTests.xctest */;
			productType = "com.apple.product-type.bundle.unit-test";
		};
/* End PBXNativeTarget section */

/* Begin PBXProject section */
		3B92363B1A67FAFA00347D9C /* Project object */ = {
			isa = PBXProject;
			attributes = {
				LastUpgradeCheck = 0610;
				ORGANIZATIONNAME = "麻辣工作室";
				TargetAttributes = {
					3B9236421A67FAFA00347D9C = {
						CreatedOnToolsVersion = 6.1.1;
					};
					3B92365B1A67FAFA00347D9C = {
						CreatedOnToolsVersion = 6.1.1;
						TestTargetID = 3B9236421A67FAFA00347D9C;
					};
				};
			};
			buildConfigurationList = 3B92363E1A67FAFA00347D9C /* Build configuration list for PBXProject "jobSearch" */;
			compatibilityVersion = "Xcode 3.2";
			developmentRegion = English;
			hasScannedForEncodings = 0;
			knownRegions = (
				en,
				Base,
			);
			mainGroup = 3B92363A1A67FAFA00347D9C;
			productRefGroup = 3B9236441A67FAFA00347D9C /* Products */;
			projectDirPath = "";
			projectRoot = "";
			targets = (
				3B9236421A67FAFA00347D9C /* jobSearch */,
				3B92365B1A67FAFA00347D9C /* jobSearchTests */,
			);
		};
/* End PBXProject section */

/* Begin PBXResourcesBuildPhase section */
		3B9236411A67FAFA00347D9C /* Resources */ = {
			isa = PBXResourcesBuildPhase;
			buildActionMask = 2147483647;
			files = (
				3B9236521A67FAFA00347D9C /* Main.storyboard in Resources */,
				3B9236571A67FAFA00347D9C /* LaunchScreen.xib in Resources */,
				3B9236541A67FAFA00347D9C /* Images.xcassets in Resources */,
			);
			runOnlyForDeploymentPostprocessing = 0;
		};
		3B92365A1A67FAFA00347D9C /* Resources */ = {
			isa = PBXResourcesBuildPhase;
			buildActionMask = 2147483647;
			files = (
			);
			runOnlyForDeploymentPostprocessing = 0;
		};
/* End PBXResourcesBuildPhase section */

/* Begin PBXSourcesBuildPhase section */
		3B92363F1A67FAFA00347D9C /* Sources */ = {
			isa = PBXSourcesBuildPhase;
			buildActionMask = 2147483647;
			files = (
				3B92364F1A67FAFA00347D9C /* ViewController.m in Sources */,
				3B92364C1A67FAFA00347D9C /* AppDelegate.m in Sources */,
				3B9236491A67FAFA00347D9C /* main.m in Sources */,
			);
			runOnlyForDeploymentPostprocessing = 0;
		};
		3B9236581A67FAFA00347D9C /* Sources */ = {
			isa = PBXSourcesBuildPhase;
			buildActionMask = 2147483647;
			files = (
				3B9236631A67FAFA00347D9C /* jobSearchTests.m in Sources */,
			);
			runOnlyForDeploymentPostprocessing = 0;
		};
/* End PBXSourcesBuildPhase section */

/* Begin PBXTargetDependency section */
		3B92365E1A67FAFA00347D9C /* PBXTargetDependency */ = {
			isa = PBXTargetDependency;
			target = 3B9236421A67FAFA00347D9C /* jobSearch */;
			targetProxy = 3B92365D1A67FAFA00347D9C /* PBXContainerItemProxy */;
		};
/* End PBXTargetDependency section */

/* Begin PBXVariantGroup section */
		3B9236501A67FAFA00347D9C /* Main.storyboard */ = {
			isa = PBXVariantGroup;
			children = (
				3B9236511A67FAFA00347D9C /* Base */,
			);
			name = Main.storyboard;
			sourceTree = "<group>";
		};
		3B9236551A67FAFA00347D9C /* LaunchScreen.xib */ = {
			isa = PBXVariantGroup;
			children = (
				3B9236561A67FAFA00347D9C /* Base */,
			);
			name = LaunchScreen.xib;
			sourceTree = "<group>";
		};
/* End PBXVariantGroup section */

/* Begin XCBuildConfiguration section */
		3B9236641A67FAFA00347D9C /* Debug */ = {
			isa = XCBuildConfiguration;
			buildSettings = {
				ALWAYS_SEARCH_USER_PATHS = NO;
				CLANG_CXX_LANGUAGE_STANDARD = "gnu++0x";
				CLANG_CXX_LIBRARY = "libc++";
				CLANG_ENABLE_MODULES = YES;
				CLANG_ENABLE_OBJC_ARC = YES;
				CLANG_WARN_BOOL_CONVERSION = YES;
				CLANG_WARN_CONSTANT_CONVERSION = YES;
				CLANG_WARN_DIRECT_OBJC_ISA_USAGE = YES_ERROR;
				CLANG_WARN_EMPTY_BODY = YES;
				CLANG_WARN_ENUM_CONVERSION = YES;
				CLANG_WARN_INT_CONVERSION = YES;
				CLANG_WARN_OBJC_ROOT_CLASS = YES_ERROR;
				CLANG_WARN_UNREACHABLE_CODE = YES;
				CLANG_WARN__DUPLICATE_METHOD_MATCH = YES;
				"CODE_SIGN_IDENTITY[sdk=iphoneos*]" = "iPhone Developer";
				COPY_PHASE_STRIP = NO;
				ENABLE_STRICT_OBJC_MSGSEND = YES;
				GCC_C_LANGUAGE_STANDARD = gnu99;
				GCC_DYNAMIC_NO_PIC = NO;
				GCC_OPTIMIZATION_LEVEL = 0;
				GCC_PREPROCESSOR_DEFINITIONS = (
					"DEBUG=1",
					"$(inherited)",
				);
				GCC_SYMBOLS_PRIVATE_EXTERN = NO;
				GCC_WARN_64_TO_32_BIT_CONVERSION = YES;
				GCC_WARN_ABOUT_RETURN_TYPE = YES_ERROR;
				GCC_WARN_UNDECLARED_SELECTOR = YES;
				GCC_WARN_UNINITIALIZED_AUTOS = YES_AGGRESSIVE;
				GCC_WARN_UNUSED_FUNCTION = YES;
				GCC_WARN_UNUSED_VARIABLE = YES;
				IPHONEOS_DEPLOYMENT_TARGET = 8.1;
				MTL_ENABLE_DEBUG_INFO = YES;
				ONLY_ACTIVE_ARCH = YES;
				SDKROOT = iphoneos;
			};
			name = Debug;
		};
		3B9236651A67FAFA00347D9C /* Release */ = {
			isa = XCBuildConfiguration;
			buildSettings = {
				ALWAYS_SEARCH_USER_PATHS = NO;
				CLANG_CXX_LANGUAGE_STANDARD = "gnu++0x";
				CLANG_CXX_LIBRARY = "libc++";
				CLANG_ENABLE_MODULES = YES;
				CLANG_ENABLE_OBJC_ARC = YES;
				CLANG_WARN_BOOL_CONVERSION = YES;
				CLANG_WARN_CONSTANT_CONVERSION = YES;
				CLANG_WARN_DIRECT_OBJC_ISA_USAGE = YES_ERROR;
				CLANG_WARN_EMPTY_BODY = YES;
				CLANG_WARN_ENUM_CONVERSION = YES;
				CLANG_WARN_INT_CONVERSION = YES;
				CLANG_WARN_OBJC_ROOT_CLASS = YES_ERROR;
				CLANG_WARN_UNREACHABLE_CODE = YES;
				CLANG_WARN__DUPLICATE_METHOD_MATCH = YES;
				"CODE_SIGN_IDENTITY[sdk=iphoneos*]" = "iPhone Developer";
				COPY_PHASE_STRIP = YES;
				ENABLE_NS_ASSERTIONS = NO;
				ENABLE_STRICT_OBJC_MSGSEND = YES;
				GCC_C_LANGUAGE_STANDARD = gnu99;
				GCC_WARN_64_TO_32_BIT_CONVERSION = YES;
				GCC_WARN_ABOUT_RETURN_TYPE = YES_ERROR;
				GCC_WARN_UNDECLARED_SELECTOR = YES;
				GCC_WARN_UNINITIALIZED_AUTOS = YES_AGGRESSIVE;
				GCC_WARN_UNUSED_FUNCTION = YES;
				GCC_WARN_UNUSED_VARIABLE = YES;
				IPHONEOS_DEPLOYMENT_TARGET = 8.1;
				MTL_ENABLE_DEBUG_INFO = NO;
				SDKROOT = iphoneos;
				VALIDATE_PRODUCT = YES;
			};
			name = Release;
		};
		3B9236671A67FAFA00347D9C /* Debug */ = {
			isa = XCBuildConfiguration;
			buildSettings = {
				ASSETCATALOG_COMPILER_APPICON_NAME = AppIcon;
				INFOPLIST_FILE = jobSearch/Info.plist;
				LD_RUNPATH_SEARCH_PATHS = "$(inherited) @executable_path/Frameworks";
				PRODUCT_NAME = "$(TARGET_NAME)";
			};
			name = Debug;
		};
		3B9236681A67FAFA00347D9C /* Release */ = {
			isa = XCBuildConfiguration;
			buildSettings = {
				ASSETCATALOG_COMPILER_APPICON_NAME = AppIcon;
				INFOPLIST_FILE = jobSearch/Info.plist;
				LD_RUNPATH_SEARCH_PATHS = "$(inherited) @executable_path/Frameworks";
				PRODUCT_NAME = "$(TARGET_NAME)";
			};
			name = Release;
		};
		3B92366A1A67FAFA00347D9C /* Debug */ = {
			isa = XCBuildConfiguration;
			buildSettings = {
				BUNDLE_LOADER = "$(TEST_HOST)";
				FRAMEWORK_SEARCH_PATHS = (
					"$(SDKROOT)/Developer/Library/Frameworks",
					"$(inherited)",
				);
				GCC_PREPROCESSOR_DEFINITIONS = (
					"DEBUG=1",
					"$(inherited)",
				);
				INFOPLIST_FILE = jobSearchTests/Info.plist;
				LD_RUNPATH_SEARCH_PATHS = "$(inherited) @executable_path/Frameworks @loader_path/Frameworks";
				PRODUCT_NAME = "$(TARGET_NAME)";
				TEST_HOST = "$(BUILT_PRODUCTS_DIR)/jobSearch.app/jobSearch";
			};
			name = Debug;
		};
		3B92366B1A67FAFA00347D9C /* Release */ = {
			isa = XCBuildConfiguration;
			buildSettings = {
				BUNDLE_LOADER = "$(TEST_HOST)";
				FRAMEWORK_SEARCH_PATHS = (
					"$(SDKROOT)/Developer/Library/Frameworks",
					"$(inherited)",
				);
				INFOPLIST_FILE = jobSearchTests/Info.plist;
				LD_RUNPATH_SEARCH_PATHS = "$(inherited) @executable_path/Frameworks @loader_path/Frameworks";
				PRODUCT_NAME = "$(TARGET_NAME)";
				TEST_HOST = "$(BUILT_PRODUCTS_DIR)/jobSearch.app/jobSearch";
			};
			name = Release;
		};
/* End XCBuildConfiguration section */

/* Begin XCConfigurationList section */
		3B92363E1A67FAFA00347D9C /* Build configuration list for PBXProject "jobSearch" */ = {
			isa = XCConfigurationList;
			buildConfigurations = (
				3B9236641A67FAFA00347D9C /* Debug */,
				3B9236651A67FAFA00347D9C /* Release */,
			);
			defaultConfigurationIsVisible = 0;
			defaultConfigurationName = Release;
		};
		3B9236661A67FAFA00347D9C /* Build configuration list for PBXNativeTarget "jobSearch" */ = {
			isa = XCConfigurationList;
			buildConfigurations = (
				3B9236671A67FAFA00347D9C /* Debug */,
				3B9236681A67FAFA00347D9C /* Release */,
			);
			defaultConfigurationIsVisible = 0;
		};
		3B9236691A67FAFA00347D9C /* Build configuration list for PBXNativeTarget "jobSearchTests" */ = {
			isa = XCConfigurationList;
			buildConfigurations = (
				3B92366A1A67FAFA00347D9C /* Debug */,
				3B92366B1A67FAFA00347D9C /* Release */,
			);
			defaultConfigurationIsVisible = 0;
		};
/* End XCConfigurationList section */
	};
	rootObject = 3B92363B1A67FAFA00347D9C /* Project object */;
}
